// !$*UTF8*$!
{
	archiveVersion = 1;
	classes = {
	};
	objectVersion = 55;
	objects = {

/* Begin PBXBuildFile section */
		342A935F28D27A3C00FD40E8 /* Polls_AppApp.swift in Sources */ = {isa = PBXBuildFile; fileRef = 342A935E28D27A3C00FD40E8 /* Polls_AppApp.swift */; };
		342A936128D27A3C00FD40E8 /* ContentView.swift in Sources */ = {isa = PBXBuildFile; fileRef = 342A936028D27A3C00FD40E8 /* ContentView.swift */; };
		342A936328D27A4100FD40E8 /* Assets.xcassets in Resources */ = {isa = PBXBuildFile; fileRef = 342A936228D27A4100FD40E8 /* Assets.xcassets */; };
		342A936628D27A4100FD40E8 /* Preview Assets.xcassets in Resources */ = {isa = PBXBuildFile; fileRef = 342A936528D27A4100FD40E8 /* Preview Assets.xcassets */; };
		342A937028D27A4100FD40E8 /* Polls_AppTests.swift in Sources */ = {isa = PBXBuildFile; fileRef = 342A936F28D27A4100FD40E8 /* Polls_AppTests.swift */; };
		342A937A28D27A4200FD40E8 /* Polls_AppUITests.swift in Sources */ = {isa = PBXBuildFile; fileRef = 342A937928D27A4200FD40E8 /* Polls_AppUITests.swift */; };
		342A937C28D27A4200FD40E8 /* Polls_AppUITestsLaunchTests.swift in Sources */ = {isa = PBXBuildFile; fileRef = 342A937B28D27A4200FD40E8 /* Polls_AppUITestsLaunchTests.swift */; };
		34A4FCBF28ECCE370010AF1F /* Topic.swift in Sources */ = {isa = PBXBuildFile; fileRef = 34A4FCBE28ECCE370010AF1F /* Topic.swift */; };
		34A4FCC128ECD0E10010AF1F /* pollsIsSlay.swift in Sources */ = {isa = PBXBuildFile; fileRef = 34A4FCC028ECD0E00010AF1F /* pollsIsSlay.swift */; };
		34A4FCC328ECD0F90010AF1F /* pollsViewModel.swift in Sources */ = {isa = PBXBuildFile; fileRef = 34A4FCC228ECD0F90010AF1F /* pollsViewModel.swift */; };
/* End PBXBuildFile section */

/* Begin PBXContainerItemProxy section */
		342A936C28D27A4100FD40E8 /* PBXContainerItemProxy */ = {
			isa = PBXContainerItemProxy;
			containerPortal = 342A935328D27A3C00FD40E8 /* Project object */;
			proxyType = 1;
			remoteGlobalIDString = 342A935A28D27A3C00FD40E8;
			remoteInfo = Polls_App;
		};
		342A937628D27A4200FD40E8 /* PBXContainerItemProxy */ = {
			isa = PBXContainerItemProxy;
			containerPortal = 342A935328D27A3C00FD40E8 /* Project object */;
			proxyType = 1;
			remoteGlobalIDString = 342A935A28D27A3C00FD40E8;
			remoteInfo = Polls_App;
		};
/* End PBXContainerItemProxy section */

/* Begin PBXFileReference section */
		342A935B28D27A3C00FD40E8 /* Polls_App.app */ = {isa = PBXFileReference; explicitFileType = wrapper.application; includeInIndex = 0; path = Polls_App.app; sourceTree = BUILT_PRODUCTS_DIR; };
		342A935E28D27A3C00FD40E8 /* Polls_AppApp.swift */ = {isa = PBXFileReference; lastKnownFileType = sourcecode.swift; path = Polls_AppApp.swift; sourceTree = "<group>"; };
		342A936028D27A3C00FD40E8 /* ContentView.swift */ = {isa = PBXFileReference; lastKnownFileType = sourcecode.swift; path = ContentView.swift; sourceTree = "<group>"; };
		342A936228D27A4100FD40E8 /* Assets.xcassets */ = {isa = PBXFileReference; lastKnownFileType = folder.assetcatalog; path = Assets.xcassets; sourceTree = "<group>"; };
		342A936528D27A4100FD40E8 /* Preview Assets.xcassets */ = {isa = PBXFileReference; lastKnownFileType = folder.assetcatalog; path = "Preview Assets.xcassets"; sourceTree = "<group>"; };
		342A936B28D27A4100FD40E8 /* Polls_AppTests.xctest */ = {isa = PBXFileReference; explicitFileType = wrapper.cfbundle; includeInIndex = 0; path = Polls_AppTests.xctest; sourceTree = BUILT_PRODUCTS_DIR; };
		342A936F28D27A4100FD40E8 /* Polls_AppTests.swift */ = {isa = PBXFileReference; lastKnownFileType = sourcecode.swift; path = Polls_AppTests.swift; sourceTree = "<group>"; };
		342A937528D27A4200FD40E8 /* Polls_AppUITests.xctest */ = {isa = PBXFileReference; explicitFileType = wrapper.cfbundle; includeInIndex = 0; path = Polls_AppUITests.xctest; sourceTree = BUILT_PRODUCTS_DIR; };
		342A937928D27A4200FD40E8 /* Polls_AppUITests.swift */ = {isa = PBXFileReference; lastKnownFileType = sourcecode.swift; path = Polls_AppUITests.swift; sourceTree = "<group>"; };
		342A937B28D27A4200FD40E8 /* Polls_AppUITestsLaunchTests.swift */ = {isa = PBXFileReference; lastKnownFileType = sourcecode.swift; path = Polls_AppUITestsLaunchTests.swift; sourceTree = "<group>"; };
		34A4FCBE28ECCE370010AF1F /* Topic.swift */ = {isa = PBXFileReference; lastKnownFileType = sourcecode.swift; path = Topic.swift; sourceTree = "<group>"; };
		34A4FCC028ECD0E00010AF1F /* pollsIsSlay.swift */ = {isa = PBXFileReference; lastKnownFileType = sourcecode.swift; path = pollsIsSlay.swift; sourceTree = "<group>"; };
		34A4FCC228ECD0F90010AF1F /* pollsViewModel.swift */ = {isa = PBXFileReference; lastKnownFileType = sourcecode.swift; path = pollsViewModel.swift; sourceTree = "<group>"; };
/* End PBXFileReference section */

/* Begin PBXFrameworksBuildPhase section */
		342A935828D27A3C00FD40E8 /* Frameworks */ = {
			isa = PBXFrameworksBuildPhase;
			buildActionMask = 2147483647;
			files = (
			);
			runOnlyForDeploymentPostprocessing = 0;
		};
		342A936828D27A4100FD40E8 /* Frameworks */ = {
			isa = PBXFrameworksBuildPhase;
			buildActionMask = 2147483647;
			files = (
			);
			runOnlyForDeploymentPostprocessing = 0;
		};
		342A937228D27A4200FD40E8 /* Frameworks */ = {
			isa = PBXFrameworksBuildPhase;
			buildActionMask = 2147483647;
			files = (
			);
			runOnlyForDeploymentPostprocessing = 0;
		};
/* End PBXFrameworksBuildPhase section */

/* Begin PBXGroup section */
		342A935228D27A3C00FD40E8 = {
			isa = PBXGroup;
			children = (
				342A935D28D27A3C00FD40E8 /* Polls_App */,
				342A936E28D27A4100FD40E8 /* Polls_AppTests */,
				342A937828D27A4200FD40E8 /* Polls_AppUITests */,
				342A935C28D27A3C00FD40E8 /* Products */,
			);
			sourceTree = "<group>";
		};
		342A935C28D27A3C00FD40E8 /* Products */ = {
			isa = PBXGroup;
			children = (
				342A935B28D27A3C00FD40E8 /* Polls_App.app */,
				342A936B28D27A4100FD40E8 /* Polls_AppTests.xctest */,
				342A937528D27A4200FD40E8 /* Polls_AppUITests.xctest */,
			);
			name = Products;
			sourceTree = "<group>";
		};
		342A935D28D27A3C00FD40E8 /* Polls_App */ = {
			isa = PBXGroup;
			children = (
				34A4FCBE28ECCE370010AF1F /* Topic.swift */,
				342A935E28D27A3C00FD40E8 /* Polls_AppApp.swift */,
				342A936028D27A3C00FD40E8 /* ContentView.swift */,
				34A4FCC028ECD0E00010AF1F /* pollsIsSlay.swift */,
				34A4FCC228ECD0F90010AF1F /* pollsViewModel.swift */,
				342A936228D27A4100FD40E8 /* Assets.xcassets */,
				342A936428D27A4100FD40E8 /* Preview Content */,
			);
			path = Polls_App;
			sourceTree = "<group>";
		};
		342A936428D27A4100FD40E8 /* Preview Content */ = {
			isa = PBXGroup;
			children = (
				342A936528D27A4100FD40E8 /* Preview Assets.xcassets */,
			);
			path = "Preview Content";
			sourceTree = "<group>";
		};
		342A936E28D27A4100FD40E8 /* Polls_AppTests */ = {
			isa = PBXGroup;
			children = (
				342A936F28D27A4100FD40E8 /* Polls_AppTests.swift */,
			);
			path = Polls_AppTests;
			sourceTree = "<group>";
		};
		342A937828D27A4200FD40E8 /* Polls_AppUITests */ = {
			isa = PBXGroup;
			children = (
				342A937928D27A4200FD40E8 /* Polls_AppUITests.swift */,
				342A937B28D27A4200FD40E8 /* Polls_AppUITestsLaunchTests.swift */,
			);
			path = Polls_AppUITests;
			sourceTree = "<group>";
		};
/* End PBXGroup section */

/* Begin PBXNativeTarget section */
		342A935A28D27A3C00FD40E8 /* Polls_App */ = {
			isa = PBXNativeTarget;
			buildConfigurationList = 342A937F28D27A4200FD40E8 /* Build configuration list for PBXNativeTarget "Polls_App" */;
			buildPhases = (
				342A935728D27A3C00FD40E8 /* Sources */,
				342A935828D27A3C00FD40E8 /* Frameworks */,
				342A935928D27A3C00FD40E8 /* Resources */,
			);
			buildRules = (
			);
			dependencies = (
			);
			name = Polls_App;
			productName = Polls_App;
			productReference = 342A935B28D27A3C00FD40E8 /* Polls_App.app */;
			productType = "com.apple.product-type.application";
		};
		342A936A28D27A4100FD40E8 /* Polls_AppTests */ = {
			isa = PBXNativeTarget;
			buildConfigurationList = 342A938228D27A4200FD40E8 /* Build configuration list for PBXNativeTarget "Polls_AppTests" */;
			buildPhases = (
				342A936728D27A4100FD40E8 /* Sources */,
				342A936828D27A4100FD40E8 /* Frameworks */,
				342A936928D27A4100FD40E8 /* Resources */,
			);
			buildRules = (
			);
			dependencies = (
				342A936D28D27A4100FD40E8 /* PBXTargetDependency */,
			);
			name = Polls_AppTests;
			productName = Polls_AppTests;
			productReference = 342A936B28D27A4100FD40E8 /* Polls_AppTests.xctest */;
			productType = "com.apple.product-type.bundle.unit-test";
		};
		342A937428D27A4200FD40E8 /* Polls_AppUITests */ = {
			isa = PBXNativeTarget;
			buildConfigurationList = 342A938528D27A4200FD40E8 /* Build configuration list for PBXNativeTarget "Polls_AppUITests" */;
			buildPhases = (
				342A937128D27A4200FD40E8 /* Sources */,
				342A937228D27A4200FD40E8 /* Frameworks */,
				342A937328D27A4200FD40E8 /* Resources */,
			);
			buildRules = (
			);
			dependencies = (
				342A937728D27A4200FD40E8 /* PBXTargetDependency */,
			);
			name = Polls_AppUITests;
			productName = Polls_AppUITests;
			productReference = 342A937528D27A4200FD40E8 /* Polls_AppUITests.xctest */;
			productType = "com.apple.product-type.bundle.ui-testing";
		};
/* End PBXNativeTarget section */

/* Begin PBXProject section */
		342A935328D27A3C00FD40E8 /* Project object */ = {
			isa = PBXProject;
			attributes = {
				BuildIndependentTargetsInParallel = 1;
				LastSwiftUpdateCheck = 1340;
				LastUpgradeCheck = 1340;
				TargetAttributes = {
					342A935A28D27A3C00FD40E8 = {
						CreatedOnToolsVersion = 13.4.1;
					};
					342A936A28D27A4100FD40E8 = {
						CreatedOnToolsVersion = 13.4.1;
						TestTargetID = 342A935A28D27A3C00FD40E8;
					};
					342A937428D27A4200FD40E8 = {
						CreatedOnToolsVersion = 13.4.1;
						TestTargetID = 342A935A28D27A3C00FD40E8;
					};
				};
			};
			buildConfigurationList = 342A935628D27A3C00FD40E8 /* Build configuration list for PBXProject "Polls_App" */;
			compatibilityVersion = "Xcode 13.0";
			developmentRegion = en;
			hasScannedForEncodings = 0;
			knownRegions = (
				en,
				Base,
			);
			mainGroup = 342A935228D27A3C00FD40E8;
			productRefGroup = 342A935C28D27A3C00FD40E8 /* Products */;
			projectDirPath = "";
			projectRoot = "";
			targets = (
				342A935A28D27A3C00FD40E8 /* Polls_App */,
				342A936A28D27A4100FD40E8 /* Polls_AppTests */,
				342A937428D27A4200FD40E8 /* Polls_AppUITests */,
			);
		};
/* End PBXProject section */

/* Begin PBXResourcesBuildPhase section */
		342A935928D27A3C00FD40E8 /* Resources */ = {
			isa = PBXResourcesBuildPhase;
			buildActionMask = 2147483647;
			files = (
				342A936628D27A4100FD40E8 /* Preview Assets.xcassets in Resources */,
				342A936328D27A4100FD40E8 /* Assets.xcassets in Resources */,
			);
			runOnlyForDeploymentPostprocessing = 0;
		};
		342A936928D27A4100FD40E8 /* Resources */ = {
			isa = PBXResourcesBuildPhase;
			buildActionMask = 2147483647;
			files = (
			);
			runOnlyForDeploymentPostprocessing = 0;
		};
		342A937328D27A4200FD40E8 /* Resources */ = {
			isa = PBXResourcesBuildPhase;
			buildActionMask = 2147483647;
			files = (
			);
			runOnlyForDeploymentPostprocessing = 0;
		};
/* End PBXResourcesBuildPhase section */

/* Begin PBXSourcesBuildPhase section */
		342A935728D27A3C00FD40E8 /* Sources */ = {
			isa = PBXSourcesBuildPhase;
			buildActionMask = 2147483647;
			files = (
				342A936128D27A3C00FD40E8 /* ContentView.swift in Sources */,
				34A4FCC328ECD0F90010AF1F /* pollsViewModel.swift in Sources */,
				34A4FCBF28ECCE370010AF1F /* Topic.swift in Sources */,
				342A935F28D27A3C00FD40E8 /* Polls_AppApp.swift in Sources */,
				34A4FCC128ECD0E10010AF1F /* pollsIsSlay.swift in Sources */,
			);
			runOnlyForDeploymentPostprocessing = 0;
		};
		342A936728D27A4100FD40E8 /* Sources */ = {
			isa = PBXSourcesBuildPhase;
			buildActionMask = 2147483647;
			files = (
				342A937028D27A4100FD40E8 /* Polls_AppTests.swift in Sources */,
			);
			runOnlyForDeploymentPostprocessing = 0;
		};
		342A937128D27A4200FD40E8 /* Sources */ = {
			isa = PBXSourcesBuildPhase;
			buildActionMask = 2147483647;
			files = (
				342A937A28D27A4200FD40E8 /* Polls_AppUITests.swift in Sources */,
				342A937C28D27A4200FD40E8 /* Polls_AppUITestsLaunchTests.swift in Sources */,
			);
			runOnlyForDeploymentPostprocessing = 0;
		};
/* End PBXSourcesBuildPhase section */

/* Begin PBXTargetDependency section */
		342A936D28D27A4100FD40E8 /* PBXTargetDependency */ = {
			isa = PBXTargetDependency;
			target = 342A935A28D27A3C00FD40E8 /* Polls_App */;
			targetProxy = 342A936C28D27A4100FD40E8 /* PBXContainerItemProxy */;
		};
		342A937728D27A4200FD40E8 /* PBXTargetDependency */ = {
			isa = PBXTargetDependency;
			target = 342A935A28D27A3C00FD40E8 /* Polls_App */;
			targetProxy = 342A937628D27A4200FD40E8 /* PBXContainerItemProxy */;
		};
/* End PBXTargetDependency section */

/* Begin XCBuildConfiguration section */
		342A937D28D27A4200FD40E8 /* Debug */ = {
			isa = XCBuildConfiguration;
			buildSettings = {
				ALWAYS_SEARCH_USER_PATHS = NO;
				CLANG_ANALYZER_NONNULL = YES;
				CLANG_ANALYZER_NUMBER_OBJECT_CONVERSION = YES_AGGRESSIVE;
				CLANG_CXX_LANGUAGE_STANDARD = "gnu++17";
				CLANG_ENABLE_MODULES = YES;
				CLANG_ENABLE_OBJC_ARC = YES;
				CLANG_ENABLE_OBJC_WEAK = YES;
				CLANG_WARN_BLOCK_CAPTURE_AUTORELEASING = YES;
				CLANG_WARN_BOOL_CONVERSION = YES;
				CLANG_WARN_COMMA = YES;
				CLANG_WARN_CONSTANT_CONVERSION = YES;
				CLANG_WARN_DEPRECATED_OBJC_IMPLEMENTATIONS = YES;
				CLANG_WARN_DIRECT_OBJC_ISA_USAGE = YES_ERROR;
				CLANG_WARN_DOCUMENTATION_COMMENTS = YES;
				CLANG_WARN_EMPTY_BODY = YES;
				CLANG_WARN_ENUM_CONVERSION = YES;
				CLANG_WARN_INFINITE_RECURSION = YES;
				CLANG_WARN_INT_CONVERSION = YES;
				CLANG_WARN_NON_LITERAL_NULL_CONVERSION = YES;
				CLANG_WARN_OBJC_IMPLICIT_RETAIN_SELF = YES;
				CLANG_WARN_OBJC_LITERAL_CONVERSION = YES;
				CLANG_WARN_OBJC_ROOT_CLASS = YES_ERROR;
				CLANG_WARN_QUOTED_INCLUDE_IN_FRAMEWORK_HEADER = YES;
				CLANG_WARN_RANGE_LOOP_ANALYSIS = YES;
				CLANG_WARN_STRICT_PROTOTYPES = YES;
				CLANG_WARN_SUSPICIOUS_MOVE = YES;
				CLANG_WARN_UNGUARDED_AVAILABILITY = YES_AGGRESSIVE;
				CLANG_WARN_UNREACHABLE_CODE = YES;
				CLANG_WARN__DUPLICATE_METHOD_MATCH = YES;
				COPY_PHASE_STRIP = NO;
				DEBUG_INFORMATION_FORMAT = dwarf;
				ENABLE_STRICT_OBJC_MSGSEND = YES;
				ENABLE_TESTABILITY = YES;
				GCC_C_LANGUAGE_STANDARD = gnu11;
				GCC_DYNAMIC_NO_PIC = NO;
				GCC_NO_COMMON_BLOCKS = YES;
				GCC_OPTIMIZATION_LEVEL = 0;
				GCC_PREPROCESSOR_DEFINITIONS = (
					"DEBUG=1",
					"$(inherited)",
				);
				GCC_WARN_64_TO_32_BIT_CONVERSION = YES;
				GCC_WARN_ABOUT_RETURN_TYPE = YES_ERROR;
				GCC_WARN_UNDECLARED_SELECTOR = YES;
				GCC_WARN_UNINITIALIZED_AUTOS = YES_AGGRESSIVE;
				GCC_WARN_UNUSED_FUNCTION = YES;
				GCC_WARN_UNUSED_VARIABLE = YES;
				IPHONEOS_DEPLOYMENT_TARGET = 15.5;
				MTL_ENABLE_DEBUG_INFO = INCLUDE_SOURCE;
				MTL_FAST_MATH = YES;
				ONLY_ACTIVE_ARCH = YES;
				SDKROOT = iphoneos;
				SWIFT_ACTIVE_COMPILATION_CONDITIONS = DEBUG;
				SWIFT_OPTIMIZATION_LEVEL = "-Onone";
			};
			name = Debug;
		};
		342A937E28D27A4200FD40E8 /* Release */ = {
			isa = XCBuildConfiguration;
			buildSettings = {
				ALWAYS_SEARCH_USER_PATHS = NO;
				CLANG_ANALYZER_NONNULL = YES;
				CLANG_ANALYZER_NUMBER_OBJECT_CONVERSION = YES_AGGRESSIVE;
				CLANG_CXX_LANGUAGE_STANDARD = "gnu++17";
				CLANG_ENABLE_MODULES = YES;
				CLANG_ENABLE_OBJC_ARC = YES;
				CLANG_ENABLE_OBJC_WEAK = YES;
				CLANG_WARN_BLOCK_CAPTURE_AUTORELEASING = YES;
				CLANG_WARN_BOOL_CONVERSION = YES;
				CLANG_WARN_COMMA = YES;
				CLANG_WARN_CONSTANT_CONVERSION = YES;
				CLANG_WARN_DEPRECATED_OBJC_IMPLEMENTATIONS = YES;
				CLANG_WARN_DIRECT_OBJC_ISA_USAGE = YES_ERROR;
				CLANG_WARN_DOCUMENTATION_COMMENTS = YES;
				CLANG_WARN_EMPTY_BODY = YES;
				CLANG_WARN_ENUM_CONVERSION = YES;
				CLANG_WARN_INFINITE_RECURSION = YES;
				CLANG_WARN_INT_CONVERSION = YES;
				CLANG_WARN_NON_LITERAL_NULL_CONVERSION = YES;
				CLANG_WARN_OBJC_IMPLICIT_RETAIN_SELF = YES;
				CLANG_WARN_OBJC_LITERAL_CONVERSION = YES;
				CLANG_WARN_OBJC_ROOT_CLASS = YES_ERROR;
				CLANG_WARN_QUOTED_INCLUDE_IN_FRAMEWORK_HEADER = YES;
				CLANG_WARN_RANGE_LOOP_ANALYSIS = YES;
				CLANG_WARN_STRICT_PROTOTYPES = YES;
				CLANG_WARN_SUSPICIOUS_MOVE = YES;
				CLANG_WARN_UNGUARDED_AVAILABILITY = YES_AGGRESSIVE;
				CLANG_WARN_UNREACHABLE_CODE = YES;
				CLANG_WARN__DUPLICATE_METHOD_MATCH = YES;
				COPY_PHASE_STRIP = NO;
				DEBUG_INFORMATION_FORMAT = "dwarf-with-dsym";
				ENABLE_NS_ASSERTIONS = NO;
				ENABLE_STRICT_OBJC_MSGSEND = YES;
				GCC_C_LANGUAGE_STANDARD = gnu11;
				GCC_NO_COMMON_BLOCKS = YES;
				GCC_WARN_64_TO_32_BIT_CONVERSION = YES;
				GCC_WARN_ABOUT_RETURN_TYPE = YES_ERROR;
				GCC_WARN_UNDECLARED_SELECTOR = YES;
				GCC_WARN_UNINITIALIZED_AUTOS = YES_AGGRESSIVE;
				GCC_WARN_UNUSED_FUNCTION = YES;
				GCC_WARN_UNUSED_VARIABLE = YES;
				IPHONEOS_DEPLOYMENT_TARGET = 15.5;
				MTL_ENABLE_DEBUG_INFO = NO;
				MTL_FAST_MATH = YES;
				SDKROOT = iphoneos;
				SWIFT_COMPILATION_MODE = wholemodule;
				SWIFT_OPTIMIZATION_LEVEL = "-O";
				VALIDATE_PRODUCT = YES;
			};
			name = Release;
		};
		342A938028D27A4200FD40E8 /* Debug */ = {
			isa = XCBuildConfiguration;
			buildSettings = {
				ASSETCATALOG_COMPILER_APPICON_NAME = AppIcon;
				ASSETCATALOG_COMPILER_GLOBAL_ACCENT_COLOR_NAME = AccentColor;
				CODE_SIGN_STYLE = Automatic;
				CURRENT_PROJECT_VERSION = 1;
				DEVELOPMENT_ASSET_PATHS = "\"Polls_App/Preview Content\"";
				DEVELOPMENT_TEAM = 25643XMV4B;
				ENABLE_PREVIEWS = YES;
				GENERATE_INFOPLIST_FILE = YES;
				INFOPLIST_KEY_UIApplicationSceneManifest_Generation = YES;
				INFOPLIST_KEY_UIApplicationSupportsIndirectInputEvents = YES;
				INFOPLIST_KEY_UILaunchScreen_Generation = YES;
				INFOPLIST_KEY_UISupportedInterfaceOrientations_iPad = "UIInterfaceOrientationPortrait UIInterfaceOrientationPortraitUpsideDown UIInterfaceOrientationLandscapeLeft UIInterfaceOrientationLandscapeRight";
				INFOPLIST_KEY_UISupportedInterfaceOrientations_iPhone = "UIInterfaceOrientationPortrait UIInterfaceOrientationLandscapeLeft UIInterfaceOrientationLandscapeRight";
				LD_RUNPATH_SEARCH_PATHS = (
					"$(inherited)",
					"@executable_path/Frameworks",
				);
				MARKETING_VERSION = 1.0;
				PRODUCT_BUNDLE_IDENTIFIER = "mobile.app.dev.nayo4039.Polls-App";
				PRODUCT_NAME = "$(TARGET_NAME)";
				SWIFT_EMIT_LOC_STRINGS = YES;
				SWIFT_VERSION = 5.0;
				TARGETED_DEVICE_FAMILY = "1,2";
			};
			name = Debug;
		};
		342A938128D27A4200FD40E8 /* Release */ = {
			isa = XCBuildConfiguration;
			buildSettings = {
				ASSETCATALOG_COMPILER_APPICON_NAME = AppIcon;
				ASSETCATALOG_COMPILER_GLOBAL_ACCENT_COLOR_NAME = AccentColor;
				CODE_SIGN_STYLE = Automatic;
				CURRENT_PROJECT_VERSION = 1;
				DEVELOPMENT_ASSET_PATHS = "\"Polls_App/Preview Content\"";
				DEVELOPMENT_TEAM = 25643XMV4B;
				ENABLE_PREVIEWS = YES;
				GENERATE_INFOPLIST_FILE = YES;
				INFOPLIST_KEY_UIApplicationSceneManifest_Generation = YES;
				INFOPLIST_KEY_UIApplicationSupportsIndirectInputEvents = YES;
				INFOPLIST_KEY_UILaunchScreen_Generation = YES;
				INFOPLIST_KEY_UISupportedInterfaceOrientations_iPad = "UIInterfaceOrientationPortrait UIInterfaceOrientationPortraitUpsideDown UIInterfaceOrientationLandscapeLeft UIInterfaceOrientationLandscapeRight";
				INFOPLIST_KEY_UISupportedInterfaceOrientations_iPhone = "UIInterfaceOrientationPortrait UIInterfaceOrientationLandscapeLeft UIInterfaceOrientationLandscapeRight";
				LD_RUNPATH_SEARCH_PATHS = (
					"$(inherited)",
					"@executable_path/Frameworks",
				);
				MARKETING_VERSION = 1.0;
				PRODUCT_BUNDLE_IDENTIFIER = "mobile.app.dev.nayo4039.Polls-App";
				PRODUCT_NAME = "$(TARGET_NAME)";
				SWIFT_EMIT_LOC_STRINGS = YES;
				SWIFT_VERSION = 5.0;
				TARGETED_DEVICE_FAMILY = "1,2";
			};
			name = Release;
		};
		342A938328D27A4200FD40E8 /* Debug */ = {
			isa = XCBuildConfiguration;
			buildSettings = {
				ALWAYS_EMBED_SWIFT_STANDARD_LIBRARIES = YES;
				BUNDLE_LOADER = "$(TEST_HOST)";
				CODE_SIGN_STYLE = Automatic;
				CURRENT_PROJECT_VERSION = 1;
				DEVELOPMENT_TEAM = 25643XMV4B;
				GENERATE_INFOPLIST_FILE = YES;
				IPHONEOS_DEPLOYMENT_TARGET = 15.5;
				MARKETING_VERSION = 1.0;
				PRODUCT_BUNDLE_IDENTIFIER = "mobile.app.dev.nayo4039.Polls-AppTests";
				PRODUCT_NAME = "$(TARGET_NAME)";
				SWIFT_EMIT_LOC_STRINGS = NO;
				SWIFT_VERSION = 5.0;
				TARGETED_DEVICE_FAMILY = "1,2";
				TEST_HOST = "$(BUILT_PRODUCTS_DIR)/Polls_App.app/Polls_App";
			};
			name = Debug;
		};
		342A938428D27A4200FD40E8 /* Release */ = {
			isa = XCBuildConfiguration;
			buildSettings = {
				ALWAYS_EMBED_SWIFT_STANDARD_LIBRARIES = YES;
				BUNDLE_LOADER = "$(TEST_HOST)";
				CODE_SIGN_STYLE = Automatic;
				CURRENT_PROJECT_VERSION = 1;
				DEVELOPMENT_TEAM = 25643XMV4B;
				GENERATE_INFOPLIST_FILE = YES;
				IPHONEOS_DEPLOYMENT_TARGET = 15.5;
				MARKETING_VERSION = 1.0;
				PRODUCT_BUNDLE_IDENTIFIER = "mobile.app.dev.nayo4039.Polls-AppTests";
				PRODUCT_NAME = "$(TARGET_NAME)";
				SWIFT_EMIT_LOC_STRINGS = NO;
				SWIFT_VERSION = 5.0;
				TARGETED_DEVICE_FAMILY = "1,2";
				TEST_HOST = "$(BUILT_PRODUCTS_DIR)/Polls_App.app/Polls_App";
			};
			name = Release;
		};
		342A938628D27A4200FD40E8 /* Debug */ = {
			isa = XCBuildConfiguration;
			buildSettings = {
				ALWAYS_EMBED_SWIFT_STANDARD_LIBRARIES = YES;
				CODE_SIGN_STYLE = Automatic;
				CURRENT_PROJECT_VERSION = 1;
				DEVELOPMENT_TEAM = 25643XMV4B;
				GENERATE_INFOPLIST_FILE = YES;
				MARKETING_VERSION = 1.0;
				PRODUCT_BUNDLE_IDENTIFIER = "mobile.app.dev.nayo4039.Polls-AppUITests";
				PRODUCT_NAME = "$(TARGET_NAME)";
				SWIFT_EMIT_LOC_STRINGS = NO;
				SWIFT_VERSION = 5.0;
				TARGETED_DEVICE_FAMILY = "1,2";
				TEST_TARGET_NAME = Polls_App;
			};
			name = Debug;
		};
		342A938728D27A4200FD40E8 /* Release */ = {
			isa = XCBuildConfiguration;
			buildSettings = {
				ALWAYS_EMBED_SWIFT_STANDARD_LIBRARIES = YES;
				CODE_SIGN_STYLE = Automatic;
				CURRENT_PROJECT_VERSION = 1;
				DEVELOPMENT_TEAM = 25643XMV4B;
				GENERATE_INFOPLIST_FILE = YES;
				MARKETING_VERSION = 1.0;
				PRODUCT_BUNDLE_IDENTIFIER = "mobile.app.dev.nayo4039.Polls-AppUITests";
				PRODUCT_NAME = "$(TARGET_NAME)";
				SWIFT_EMIT_LOC_STRINGS = NO;
				SWIFT_VERSION = 5.0;
				TARGETED_DEVICE_FAMILY = "1,2";
				TEST_TARGET_NAME = Polls_App;
			};
			name = Release;
		};
/* End XCBuildConfiguration section */

/* Begin XCConfigurationList section */
		342A935628D27A3C00FD40E8 /* Build configuration list for PBXProject "Polls_App" */ = {
			isa = XCConfigurationList;
			buildConfigurations = (
				342A937D28D27A4200FD40E8 /* Debug */,
				342A937E28D27A4200FD40E8 /* Release */,
			);
			defaultConfigurationIsVisible = 0;
			defaultConfigurationName = Release;
		};
		342A937F28D27A4200FD40E8 /* Build configuration list for PBXNativeTarget "Polls_App" */ = {
			isa = XCConfigurationList;
			buildConfigurations = (
				342A938028D27A4200FD40E8 /* Debug */,
				342A938128D27A4200FD40E8 /* Release */,
			);
			defaultConfigurationIsVisible = 0;
			defaultConfigurationName = Release;
		};
		342A938228D27A4200FD40E8 /* Build configuration list for PBXNativeTarget "Polls_AppTests" */ = {
			isa = XCConfigurationList;
			buildConfigurations = (
				342A938328D27A4200FD40E8 /* Debug */,
				342A938428D27A4200FD40E8 /* Release */,
			);
			defaultConfigurationIsVisible = 0;
			defaultConfigurationName = Release;
		};
		342A938528D27A4200FD40E8 /* Build configuration list for PBXNativeTarget "Polls_AppUITests" */ = {
			isa = XCConfigurationList;
			buildConfigurations = (
				342A938628D27A4200FD40E8 /* Debug */,
				342A938728D27A4200FD40E8 /* Release */,
			);
			defaultConfigurationIsVisible = 0;
			defaultConfigurationName = Release;
		};
/* End XCConfigurationList section */
	};
	rootObject = 342A935328D27A3C00FD40E8 /* Project object */;
}
